
Microsoft Visual Studio Solution File, Format Version 12.00
Project("{FAE04EC0-301F-11D3-BF4B-00C04F79EFBC}") = "PasswordGenerator7", "PasswordGenerator7\PasswordGenerator7.csproj", "{F6FD6496-B05F-4C50-9139-563188DAE965}"
EndProject
Global
	GlobalSection(SolutionConfigurationPlatforms) = preSolution
		Debug|Any CPU = Debug|Any CPU
		Release|Any CPU = Release|Any CPU
	EndGlobalSection
	GlobalSection(ProjectConfigurationPlatforms) = postSolution
		{F6FD6496-B05F-4C50-9139-563188DAE965}.Debug|Any CPU.ActiveCfg = Debug|Any CPU
		{F6FD6496-B05F-4C50-9139-563188DAE965}.Debug|Any CPU.Build.0 = Debug|Any CPU
		{F6FD6496-B05F-4C50-9139-563188DAE965}.Release|Any CPU.ActiveCfg = Release|Any CPU
		{F6FD6496-B05F-4C50-9139-563188DAE965}.Release|Any CPU.Build.0 = Release|Any CPU
	EndGlobalSection
EndGlobal
